
Microsoft Visual Studio Solution File, Format Version 12.00
# Visual Studio Version 17
VisualStudioVersion = 17.7.34018.315
MinimumVisualStudioVersion = 10.0.40219.1
Project("{FAE04EC0-301F-11D3-BF4B-00C04F79EFBC}") = "Haxor rep", "Haxor rep\Haxor rep.csproj", "{8D166509-48A7-433D-A121-6C8F14F2B735}"
EndProject
Global
	GlobalSection(SolutionConfigurationPlatforms) = preSolution
		Debug|Any CPU = Debug|Any CPU
		Release|Any CPU = Release|Any CPU
	EndGlobalSection
	GlobalSection(ProjectConfigurationPlatforms) = postSolution
		{8D166509-48A7-433D-A121-6C8F14F2B735}.Debug|Any CPU.ActiveCfg = Debug|Any CPU
		{8D166509-48A7-433D-A121-6C8F14F2B735}.Debug|Any CPU.Build.0 = Debug|Any CPU
		{8D166509-48A7-433D-A121-6C8F14F2B735}.Release|Any CPU.ActiveCfg = Release|Any CPU
		{8D166509-48A7-433D-A121-6C8F14F2B735}.Release|Any CPU.Build.0 = Release|Any CPU
	EndGlobalSection
	GlobalSection(SolutionProperties) = preSolution
		HideSolutionNode = FALSE
	EndGlobalSection
	GlobalSection(ExtensibilityGlobals) = postSolution
		SolutionGuid = {ECDEEAF5-C982-4917-89BE-51DAAA60EFA1}
	EndGlobalSection
EndGlobal
